// !$*UTF8*$!
{
	archiveVersion = 1;
	classes = {
	};
	objectVersion = 46;
	objects = {

/* Begin PBXBuildFile section */
		111D9EDA1C85C2B100CF71B4 /* ELNPushServices.framework in Frameworks */ = {isa = PBXBuildFile; fileRef = 111D9ECF1C85C2B100CF71B4 /* ELNPushServices.framework */; };
		111D9EEE1C85C3FF00CF71B4 /* ELNPushServices.h in Headers */ = {isa = PBXBuildFile; fileRef = 111D9EEC1C85C3FF00CF71B4 /* ELNPushServices.h */; };
		111D9EFC1C85C4E700CF71B4 /* ELNAPSManager.h in Headers */ = {isa = PBXBuildFile; fileRef = 111D9EF41C85C4E700CF71B4 /* ELNAPSManager.h */; };
		111D9EFD1C85C4E700CF71B4 /* ELNAPSNotificationHandler.h in Headers */ = {isa = PBXBuildFile; fileRef = 111D9EF51C85C4E700CF71B4 /* ELNAPSNotificationHandler.h */; };
		111D9EFF1C85C4E700CF71B4 /* ELNAPSNotification.h in Headers */ = {isa = PBXBuildFile; fileRef = 111D9EF71C85C4E700CF71B4 /* ELNAPSNotification.h */; };
		111D9F001C85C4E700CF71B4 /* ELNAPSNotification.m in Sources */ = {isa = PBXBuildFile; fileRef = 111D9EF81C85C4E700CF71B4 /* ELNAPSNotification.m */; };
		111D9F011C85C4E700CF71B4 /* ELNAPSNotificationAlert.h in Headers */ = {isa = PBXBuildFile; fileRef = 111D9EF91C85C4E700CF71B4 /* ELNAPSNotificationAlert.h */; };
		111D9F021C85C4E700CF71B4 /* ELNAPSManager.m in Sources */ = {isa = PBXBuildFile; fileRef = 111D9EFA1C85C4E700CF71B4 /* ELNAPSManager.m */; };
		111D9F031C85C4E700CF71B4 /* ELNAPSNotificationAlert.m in Sources */ = {isa = PBXBuildFile; fileRef = 111D9EFB1C85C4E700CF71B4 /* ELNAPSNotificationAlert.m */; };
		111D9F101C85D5E000CF71B4 /* AlertWithStringAsTitle.json in Resources */ = {isa = PBXBuildFile; fileRef = 111D9F0E1C85D5DB00CF71B4 /* AlertWithStringAsTitle.json */; };
		111D9F171C85D8F100CF71B4 /* AlertWithBadgeAndLocalizedActionKey.json in Resources */ = {isa = PBXBuildFile; fileRef = 111D9F151C85D89900CF71B4 /* AlertWithBadgeAndLocalizedActionKey.json */; };
		111ED4091CA3F6A500ED320A /* ELNAPSEventsHandler.h in Headers */ = {isa = PBXBuildFile; fileRef = 111ED4071CA3F6A500ED320A /* ELNAPSEventsHandler.h */; };
		111ED40D1CA3F75200ED320A /* ELNAPSEventsHandlerChain.h in Headers */ = {isa = PBXBuildFile; fileRef = 111ED40B1CA3F75200ED320A /* ELNAPSEventsHandlerChain.h */; };
		111ED40E1CA3F75200ED320A /* ELNAPSEventsHandlerChain.m in Sources */ = {isa = PBXBuildFile; fileRef = 111ED40C1CA3F75200ED320A /* ELNAPSEventsHandlerChain.m */; };
		11F03F041CA3FC1C002209A5 /* ELNNotificationTest.swift in Sources */ = {isa = PBXBuildFile; fileRef = 11F03F031CA3FC1C002209A5 /* ELNNotificationTest.swift */; };
		11F03F071CA40088002209A5 /* ELNAPSEventsHandlerChainTest.swift in Sources */ = {isa = PBXBuildFile; fileRef = 11F03F061CA40088002209A5 /* ELNAPSEventsHandlerChainTest.swift */; };
/* End PBXBuildFile section */

/* Begin PBXContainerItemProxy section */
		111D9EDB1C85C2B100CF71B4 /* PBXContainerItemProxy */ = {
			isa = PBXContainerItemProxy;
			containerPortal = 111D9EC61C85C2B100CF71B4 /* Project object */;
			proxyType = 1;
			remoteGlobalIDString = 111D9ECE1C85C2B100CF71B4;
			remoteInfo = ELNAPS;
		};
/* End PBXContainerItemProxy section */

/* Begin PBXFileReference section */
		111D9ECF1C85C2B100CF71B4 /* ELNPushServices.framework */ = {isa = PBXFileReference; explicitFileType = wrapper.framework; includeInIndex = 0; path = ELNPushServices.framework; sourceTree = BUILT_PRODUCTS_DIR; };
		111D9ED91C85C2B100CF71B4 /* ELNPushServices.xctest */ = {isa = PBXFileReference; explicitFileType = wrapper.cfbundle; includeInIndex = 0; path = ELNPushServices.xctest; sourceTree = BUILT_PRODUCTS_DIR; };
		111D9EEC1C85C3FF00CF71B4 /* ELNPushServices.h */ = {isa = PBXFileReference; fileEncoding = 4; lastKnownFileType = sourcecode.c.h; path = ELNPushServices.h; sourceTree = "<group>"; };
		111D9EF41C85C4E700CF71B4 /* ELNAPSManager.h */ = {isa = PBXFileReference; fileEncoding = 4; lastKnownFileType = sourcecode.c.h; path = ELNAPSManager.h; sourceTree = "<group>"; };
		111D9EF51C85C4E700CF71B4 /* ELNAPSNotificationHandler.h */ = {isa = PBXFileReference; fileEncoding = 4; lastKnownFileType = sourcecode.c.h; path = ELNAPSNotificationHandler.h; sourceTree = "<group>"; };
		111D9EF71C85C4E700CF71B4 /* ELNAPSNotification.h */ = {isa = PBXFileReference; fileEncoding = 4; lastKnownFileType = sourcecode.c.h; path = ELNAPSNotification.h; sourceTree = "<group>"; };
		111D9EF81C85C4E700CF71B4 /* ELNAPSNotification.m */ = {isa = PBXFileReference; fileEncoding = 4; lastKnownFileType = sourcecode.c.objc; path = ELNAPSNotification.m; sourceTree = "<group>"; };
		111D9EF91C85C4E700CF71B4 /* ELNAPSNotificationAlert.h */ = {isa = PBXFileReference; fileEncoding = 4; lastKnownFileType = sourcecode.c.h; path = ELNAPSNotificationAlert.h; sourceTree = "<group>"; };
		111D9EFA1C85C4E700CF71B4 /* ELNAPSManager.m */ = {isa = PBXFileReference; fileEncoding = 4; lastKnownFileType = sourcecode.c.objc; path = ELNAPSManager.m; sourceTree = "<group>"; };
		111D9EFB1C85C4E700CF71B4 /* ELNAPSNotificationAlert.m */ = {isa = PBXFileReference; fileEncoding = 4; lastKnownFileType = sourcecode.c.objc; path = ELNAPSNotificationAlert.m; sourceTree = "<group>"; };
		111D9F061C85CCAE00CF71B4 /* Info.plist */ = {isa = PBXFileReference; fileEncoding = 4; lastKnownFileType = text.plist.xml; path = Info.plist; sourceTree = "<group>"; };
		111D9F0E1C85D5DB00CF71B4 /* AlertWithStringAsTitle.json */ = {isa = PBXFileReference; fileEncoding = 4; lastKnownFileType = text.json; path = AlertWithStringAsTitle.json; sourceTree = "<group>"; };
		111D9F151C85D89900CF71B4 /* AlertWithBadgeAndLocalizedActionKey.json */ = {isa = PBXFileReference; fileEncoding = 4; lastKnownFileType = text.json; path = AlertWithBadgeAndLocalizedActionKey.json; sourceTree = "<group>"; };
		111ED4071CA3F6A500ED320A /* ELNAPSEventsHandler.h */ = {isa = PBXFileReference; fileEncoding = 4; lastKnownFileType = sourcecode.c.h; path = ELNAPSEventsHandler.h; sourceTree = "<group>"; };
		111ED40B1CA3F75200ED320A /* ELNAPSEventsHandlerChain.h */ = {isa = PBXFileReference; fileEncoding = 4; lastKnownFileType = sourcecode.c.h; path = ELNAPSEventsHandlerChain.h; sourceTree = "<group>"; };
		111ED40C1CA3F75200ED320A /* ELNAPSEventsHandlerChain.m */ = {isa = PBXFileReference; fileEncoding = 4; lastKnownFileType = sourcecode.c.objc; path = ELNAPSEventsHandlerChain.m; sourceTree = "<group>"; };
		11F03F031CA3FC1C002209A5 /* ELNNotificationTest.swift */ = {isa = PBXFileReference; fileEncoding = 4; lastKnownFileType = sourcecode.swift; path = ELNNotificationTest.swift; sourceTree = "<group>"; };
		11F03F051CA3FE0D002209A5 /* Tests-Bridging-Header.h */ = {isa = PBXFileReference; lastKnownFileType = sourcecode.c.h; path = "Tests-Bridging-Header.h"; sourceTree = "<group>"; };
		11F03F061CA40088002209A5 /* ELNAPSEventsHandlerChainTest.swift */ = {isa = PBXFileReference; fileEncoding = 4; lastKnownFileType = sourcecode.swift; path = ELNAPSEventsHandlerChainTest.swift; sourceTree = "<group>"; };
		11FF9A1E1CCA3AA400FCB998 /* Default.xcconfig */ = {isa = PBXFileReference; lastKnownFileType = text.xcconfig; name = Default.xcconfig; path = Framework/Default.xcconfig; sourceTree = SOURCE_ROOT; };
		11FF9A1F1CCA3AA400FCB998 /* Info.plist */ = {isa = PBXFileReference; lastKnownFileType = text.plist.xml; name = Info.plist; path = Framework/Info.plist; sourceTree = SOURCE_ROOT; };
/* End PBXFileReference section */

/* Begin PBXFrameworksBuildPhase section */
		111D9ECB1C85C2B100CF71B4 /* Frameworks */ = {
			isa = PBXFrameworksBuildPhase;
			buildActionMask = 2147483647;
			files = (
			);
			runOnlyForDeploymentPostprocessing = 0;
		};
		111D9ED61C85C2B100CF71B4 /* Frameworks */ = {
			isa = PBXFrameworksBuildPhase;
			buildActionMask = 2147483647;
			files = (
				111D9EDA1C85C2B100CF71B4 /* ELNPushServices.framework in Frameworks */,
			);
			runOnlyForDeploymentPostprocessing = 0;
		};
/* End PBXFrameworksBuildPhase section */

/* Begin PBXGroup section */
		111D9EC51C85C2B100CF71B4 = {
			isa = PBXGroup;
			children = (
				111D9EEB1C85C3FF00CF71B4 /* Source */,
				111D9ED01C85C2B100CF71B4 /* Products */,
				111D9F041C85CCAE00CF71B4 /* Tests */,
			);
			sourceTree = "<group>";
		};
		111D9ED01C85C2B100CF71B4 /* Products */ = {
			isa = PBXGroup;
			children = (
				111D9ECF1C85C2B100CF71B4 /* ELNPushServices.framework */,
				111D9ED91C85C2B100CF71B4 /* ELNPushServices.xctest */,
			);
			name = Products;
			sourceTree = "<group>";
		};
		111D9EEB1C85C3FF00CF71B4 /* Source */ = {
			isa = PBXGroup;
			children = (
				111D9EF31C85C4DF00CF71B4 /* Core */,
				111D9EF21C85C49500CF71B4 /* Supporting Files */,
			);
			path = Source;
			sourceTree = "<group>";
		};
		111D9EF21C85C49500CF71B4 /* Supporting Files */ = {
			isa = PBXGroup;
			children = (
				11FF9A1E1CCA3AA400FCB998 /* Default.xcconfig */,
				11FF9A1F1CCA3AA400FCB998 /* Info.plist */,
			);
			name = "Supporting Files";
			sourceTree = "<group>";
		};
		111D9EF31C85C4DF00CF71B4 /* Core */ = {
			isa = PBXGroup;
			children = (
				111ED4071CA3F6A500ED320A /* ELNAPSEventsHandler.h */,
				111ED40B1CA3F75200ED320A /* ELNAPSEventsHandlerChain.h */,
				111ED40C1CA3F75200ED320A /* ELNAPSEventsHandlerChain.m */,
				111D9EF41C85C4E700CF71B4 /* ELNAPSManager.h */,
				111D9EFA1C85C4E700CF71B4 /* ELNAPSManager.m */,
				111D9EF71C85C4E700CF71B4 /* ELNAPSNotification.h */,
				111D9EF81C85C4E700CF71B4 /* ELNAPSNotification.m */,
				111D9EF91C85C4E700CF71B4 /* ELNAPSNotificationAlert.h */,
				111D9EFB1C85C4E700CF71B4 /* ELNAPSNotificationAlert.m */,
				111D9EF51C85C4E700CF71B4 /* ELNAPSNotificationHandler.h */,
				111D9EEC1C85C3FF00CF71B4 /* ELNPushServices.h */,
			);
			name = Core;
			sourceTree = "<group>";
		};
		111D9F041C85CCAE00CF71B4 /* Tests */ = {
			isa = PBXGroup;
			children = (
				11F03F061CA40088002209A5 /* ELNAPSEventsHandlerChainTest.swift */,
				11F03F031CA3FC1C002209A5 /* ELNNotificationTest.swift */,
				111D9F0D1C85D5DB00CF71B4 /* Resources */,
				111D9F121C85D5EF00CF71B4 /* Supporting Files */,
			);
			name = Tests;
			path = Framework/Tests;
			sourceTree = "<group>";
		};
		111D9F0D1C85D5DB00CF71B4 /* Resources */ = {
			isa = PBXGroup;
			children = (
				111D9F0E1C85D5DB00CF71B4 /* AlertWithStringAsTitle.json */,
				111D9F151C85D89900CF71B4 /* AlertWithBadgeAndLocalizedActionKey.json */,
			);
			path = Resources;
			sourceTree = "<group>";
		};
		111D9F121C85D5EF00CF71B4 /* Supporting Files */ = {
			isa = PBXGroup;
			children = (
				11F03F051CA3FE0D002209A5 /* Tests-Bridging-Header.h */,
				111D9F061C85CCAE00CF71B4 /* Info.plist */,
			);
			name = "Supporting Files";
			sourceTree = "<group>";
		};
/* End PBXGroup section */

/* Begin PBXHeadersBuildPhase section */
		111D9ECC1C85C2B100CF71B4 /* Headers */ = {
			isa = PBXHeadersBuildPhase;
			buildActionMask = 2147483647;
			files = (
				111D9EEE1C85C3FF00CF71B4 /* ELNPushServices.h in Headers */,
				111D9EFC1C85C4E700CF71B4 /* ELNAPSManager.h in Headers */,
				111ED40D1CA3F75200ED320A /* ELNAPSEventsHandlerChain.h in Headers */,
				111D9EFF1C85C4E700CF71B4 /* ELNAPSNotification.h in Headers */,
				111ED4091CA3F6A500ED320A /* ELNAPSEventsHandler.h in Headers */,
				111D9F011C85C4E700CF71B4 /* ELNAPSNotificationAlert.h in Headers */,
				111D9EFD1C85C4E700CF71B4 /* ELNAPSNotificationHandler.h in Headers */,
			);
			runOnlyForDeploymentPostprocessing = 0;
		};
/* End PBXHeadersBuildPhase section */

/* Begin PBXNativeTarget section */
		111D9ECE1C85C2B100CF71B4 /* ELNPushServices */ = {
			isa = PBXNativeTarget;
			buildConfigurationList = 111D9EE31C85C2B100CF71B4 /* Build configuration list for PBXNativeTarget "ELNPushServices" */;
			buildPhases = (
				111D9ECA1C85C2B100CF71B4 /* Sources */,
				111D9ECB1C85C2B100CF71B4 /* Frameworks */,
				111D9ECC1C85C2B100CF71B4 /* Headers */,
				111D9ECD1C85C2B100CF71B4 /* Resources */,
			);
			buildRules = (
			);
			dependencies = (
			);
			name = ELNPushServices;
			productName = ELNAPS;
			productReference = 111D9ECF1C85C2B100CF71B4 /* ELNPushServices.framework */;
			productType = "com.apple.product-type.framework";
		};
		111D9ED81C85C2B100CF71B4 /* UnitTests */ = {
			isa = PBXNativeTarget;
			buildConfigurationList = 111D9EE61C85C2B100CF71B4 /* Build configuration list for PBXNativeTarget "UnitTests" */;
			buildPhases = (
				111D9ED51C85C2B100CF71B4 /* Sources */,
				111D9ED61C85C2B100CF71B4 /* Frameworks */,
				111D9ED71C85C2B100CF71B4 /* Resources */,
			);
			buildRules = (
			);
			dependencies = (
				111D9EDC1C85C2B100CF71B4 /* PBXTargetDependency */,
			);
			name = UnitTests;
			productName = ELNAPSTests;
			productReference = 111D9ED91C85C2B100CF71B4 /* ELNPushServices.xctest */;
			productType = "com.apple.product-type.bundle.unit-test";
		};
/* End PBXNativeTarget section */

/* Begin PBXProject section */
		111D9EC61C85C2B100CF71B4 /* Project object */ = {
			isa = PBXProject;
			attributes = {
				CLASSPREFIX = ELN;
				LastUpgradeCheck = 0730;
				ORGANIZATIONNAME = "e-legion";
				TargetAttributes = {
					111D9ECE1C85C2B100CF71B4 = {
						CreatedOnToolsVersion = 7.3;
					};
					111D9ED81C85C2B100CF71B4 = {
						CreatedOnToolsVersion = 7.3;
					};
				};
			};
			buildConfigurationList = 111D9EC91C85C2B100CF71B4 /* Build configuration list for PBXProject "ELNPushServices" */;
			compatibilityVersion = "Xcode 3.2";
			developmentRegion = English;
			hasScannedForEncodings = 0;
			knownRegions = (
				en,
			);
			mainGroup = 111D9EC51C85C2B100CF71B4;
			productRefGroup = 111D9ED01C85C2B100CF71B4 /* Products */;
			projectDirPath = "";
			projectRoot = "";
			targets = (
				111D9ECE1C85C2B100CF71B4 /* ELNPushServices */,
				111D9ED81C85C2B100CF71B4 /* UnitTests */,
			);
		};
/* End PBXProject section */

/* Begin PBXResourcesBuildPhase section */
		111D9ECD1C85C2B100CF71B4 /* Resources */ = {
			isa = PBXResourcesBuildPhase;
			buildActionMask = 2147483647;
			files = (
			);
			runOnlyForDeploymentPostprocessing = 0;
		};
		111D9ED71C85C2B100CF71B4 /* Resources */ = {
			isa = PBXResourcesBuildPhase;
			buildActionMask = 2147483647;
			files = (
				111D9F171C85D8F100CF71B4 /* AlertWithBadgeAndLocalizedActionKey.json in Resources */,
				111D9F101C85D5E000CF71B4 /* AlertWithStringAsTitle.json in Resources */,
			);
			runOnlyForDeploymentPostprocessing = 0;
		};
/* End PBXResourcesBuildPhase section */

/* Begin PBXSourcesBuildPhase section */
		111D9ECA1C85C2B100CF71B4 /* Sources */ = {
			isa = PBXSourcesBuildPhase;
			buildActionMask = 2147483647;
			files = (
				111D9F031C85C4E700CF71B4 /* ELNAPSNotificationAlert.m in Sources */,
				111D9F021C85C4E700CF71B4 /* ELNAPSManager.m in Sources */,
				111ED40E1CA3F75200ED320A /* ELNAPSEventsHandlerChain.m in Sources */,
				111D9F001C85C4E700CF71B4 /* ELNAPSNotification.m in Sources */,
			);
			runOnlyForDeploymentPostprocessing = 0;
		};
		111D9ED51C85C2B100CF71B4 /* Sources */ = {
			isa = PBXSourcesBuildPhase;
			buildActionMask = 2147483647;
			files = (
				11F03F071CA40088002209A5 /* ELNAPSEventsHandlerChainTest.swift in Sources */,
				11F03F041CA3FC1C002209A5 /* ELNNotificationTest.swift in Sources */,
			);
			runOnlyForDeploymentPostprocessing = 0;
		};
/* End PBXSourcesBuildPhase section */

/* Begin PBXTargetDependency section */
		111D9EDC1C85C2B100CF71B4 /* PBXTargetDependency */ = {
			isa = PBXTargetDependency;
			target = 111D9ECE1C85C2B100CF71B4 /* ELNPushServices */;
			targetProxy = 111D9EDB1C85C2B100CF71B4 /* PBXContainerItemProxy */;
		};
/* End PBXTargetDependency section */

/* Begin XCBuildConfiguration section */
		111D9EE11C85C2B100CF71B4 /* Debug */ = {
			isa = XCBuildConfiguration;
			baseConfigurationReference = 11FF9A1E1CCA3AA400FCB998 /* Default.xcconfig */;
			buildSettings = {
				ALWAYS_SEARCH_USER_PATHS = NO;
				CLANG_ANALYZER_NONNULL = YES;
				CLANG_CXX_LANGUAGE_STANDARD = "gnu++0x";
				CLANG_CXX_LIBRARY = "libc++";
				CLANG_ENABLE_MODULES = YES;
				CLANG_ENABLE_OBJC_ARC = YES;
				CLANG_WARN_BOOL_CONVERSION = YES;
				CLANG_WARN_CONSTANT_CONVERSION = YES;
				CLANG_WARN_DIRECT_OBJC_ISA_USAGE = YES_ERROR;
				CLANG_WARN_EMPTY_BODY = YES;
				CLANG_WARN_ENUM_CONVERSION = YES;
				CLANG_WARN_INT_CONVERSION = YES;
				CLANG_WARN_OBJC_ROOT_CLASS = YES_ERROR;
				CLANG_WARN_UNREACHABLE_CODE = YES;
				CLANG_WARN__DUPLICATE_METHOD_MATCH = YES;
				"CODE_SIGN_IDENTITY[sdk=iphoneos*]" = "iPhone Developer";
				COPY_PHASE_STRIP = NO;
				CURRENT_PROJECT_VERSION = 1;
				DEBUG_INFORMATION_FORMAT = dwarf;
				ENABLE_STRICT_OBJC_MSGSEND = YES;
				ENABLE_TESTABILITY = YES;
				GCC_C_LANGUAGE_STANDARD = gnu99;
				GCC_DYNAMIC_NO_PIC = NO;
				GCC_NO_COMMON_BLOCKS = YES;
				GCC_OPTIMIZATION_LEVEL = 0;
				GCC_PREPROCESSOR_DEFINITIONS = (
					"DEBUG=1",
					"$(inherited)",
				);
				GCC_WARN_64_TO_32_BIT_CONVERSION = YES;
				GCC_WARN_ABOUT_RETURN_TYPE = YES_ERROR;
				GCC_WARN_UNDECLARED_SELECTOR = YES;
				GCC_WARN_UNINITIALIZED_AUTOS = YES_AGGRESSIVE;
				GCC_WARN_UNUSED_FUNCTION = YES;
				GCC_WARN_UNUSED_VARIABLE = YES;
				IPHONEOS_DEPLOYMENT_TARGET = 8.0;
				MTL_ENABLE_DEBUG_INFO = YES;
				ONLY_ACTIVE_ARCH = YES;
				SDKROOT = iphoneos;
				TARGETED_DEVICE_FAMILY = "1,2";
				VERSIONING_SYSTEM = "apple-generic";
				VERSION_INFO_PREFIX = "";
			};
			name = Debug;
		};
		111D9EE21C85C2B100CF71B4 /* Release */ = {
			isa = XCBuildConfiguration;
			baseConfigurationReference = 11FF9A1E1CCA3AA400FCB998 /* Default.xcconfig */;
			buildSettings = {
				ALWAYS_SEARCH_USER_PATHS = NO;
				CLANG_ANALYZER_NONNULL = YES;
				CLANG_CXX_LANGUAGE_STANDARD = "gnu++0x";
				CLANG_CXX_LIBRARY = "libc++";
				CLANG_ENABLE_MODULES = YES;
				CLANG_ENABLE_OBJC_ARC = YES;
				CLANG_WARN_BOOL_CONVERSION = YES;
				CLANG_WARN_CONSTANT_CONVERSION = YES;
				CLANG_WARN_DIRECT_OBJC_ISA_USAGE = YES_ERROR;
				CLANG_WARN_EMPTY_BODY = YES;
				CLANG_WARN_ENUM_CONVERSION = YES;
				CLANG_WARN_INT_CONVERSION = YES;
				CLANG_WARN_OBJC_ROOT_CLASS = YES_ERROR;
				CLANG_WARN_UNREACHABLE_CODE = YES;
				CLANG_WARN__DUPLICATE_METHOD_MATCH = YES;
				"CODE_SIGN_IDENTITY[sdk=iphoneos*]" = "iPhone Developer";
				COPY_PHASE_STRIP = NO;
				CURRENT_PROJECT_VERSION = 1;
				DEBUG_INFORMATION_FORMAT = "dwarf-with-dsym";
				ENABLE_NS_ASSERTIONS = NO;
				ENABLE_STRICT_OBJC_MSGSEND = YES;
				GCC_C_LANGUAGE_STANDARD = gnu99;
				GCC_NO_COMMON_BLOCKS = YES;
				GCC_WARN_64_TO_32_BIT_CONVERSION = YES;
				GCC_WARN_ABOUT_RETURN_TYPE = YES_ERROR;
				GCC_WARN_UNDECLARED_SELECTOR = YES;
				GCC_WARN_UNINITIALIZED_AUTOS = YES_AGGRESSIVE;
				GCC_WARN_UNUSED_FUNCTION = YES;
				GCC_WARN_UNUSED_VARIABLE = YES;
				IPHONEOS_DEPLOYMENT_TARGET = 8.0;
				MTL_ENABLE_DEBUG_INFO = NO;
				SDKROOT = iphoneos;
				TARGETED_DEVICE_FAMILY = "1,2";
				VALIDATE_PRODUCT = YES;
				VERSIONING_SYSTEM = "apple-generic";
				VERSION_INFO_PREFIX = "";
			};
			name = Release;
		};
		111D9EE41C85C2B100CF71B4 /* Debug */ = {
			isa = XCBuildConfiguration;
			buildSettings = {
				DEFINES_MODULE = YES;
				DYLIB_COMPATIBILITY_VERSION = 1;
				DYLIB_CURRENT_VERSION = 1;
				DYLIB_INSTALL_NAME_BASE = "@rpath";
				INFOPLIST_FILE = "$(SRCROOT)/Framework/Info.plist";
				INSTALL_PATH = "$(LOCAL_LIBRARY_DIR)/Frameworks";
				LD_RUNPATH_SEARCH_PATHS = "$(inherited) @executable_path/Frameworks @loader_path/Frameworks";
				PRODUCT_BUNDLE_IDENTIFIER = "com.e-legion.ELNPushServices";
				PRODUCT_NAME = ELNPushServices;
				SKIP_INSTALL = YES;
			};
			name = Debug;
		};
		111D9EE51C85C2B100CF71B4 /* Release */ = {
			isa = XCBuildConfiguration;
			buildSettings = {
				DEFINES_MODULE = YES;
				DYLIB_COMPATIBILITY_VERSION = 1;
				DYLIB_CURRENT_VERSION = 1;
				DYLIB_INSTALL_NAME_BASE = "@rpath";
				INFOPLIST_FILE = "$(SRCROOT)/Framework/Info.plist";
				INSTALL_PATH = "$(LOCAL_LIBRARY_DIR)/Frameworks";
				LD_RUNPATH_SEARCH_PATHS = "$(inherited) @executable_path/Frameworks @loader_path/Frameworks";
				PRODUCT_BUNDLE_IDENTIFIER = "com.e-legion.ELNPushServices";
				PRODUCT_NAME = ELNPushServices;
				SKIP_INSTALL = YES;
			};
			name = Release;
		};
		111D9EE71C85C2B100CF71B4 /* Debug */ = {
			isa = XCBuildConfiguration;
			buildSettings = {
				CLANG_ENABLE_MODULES = YES;
				INFOPLIST_FILE = Framework/Tests/Info.plist;
				LD_RUNPATH_SEARCH_PATHS = "$(inherited) @executable_path/Frameworks @loader_path/Frameworks";
				PRODUCT_BUNDLE_IDENTIFIER = "com.e-legion.ELNPushServices";
				PRODUCT_NAME = ELNPushServices;
				SWIFT_OBJC_BRIDGING_HEADER = "Framework/Tests/Tests-Bridging-Header.h";
				SWIFT_OPTIMIZATION_LEVEL = "-Onone";
			};
			name = Debug;
		};
		111D9EE81C85C2B100CF71B4 /* Release */ = {
			isa = XCBuildConfiguration;
			buildSettings = {
				CLANG_ENABLE_MODULES = YES;
				INFOPLIST_FILE = Framework/Tests/Info.plist;
				LD_RUNPATH_SEARCH_PATHS = "$(inherited) @executable_path/Frameworks @loader_path/Frameworks";
				PRODUCT_BUNDLE_IDENTIFIER = "com.e-legion.ELNPushServices";
				PRODUCT_NAME = ELNPushServices;
				SWIFT_OBJC_BRIDGING_HEADER = "Framework/Tests/Tests-Bridging-Header.h";
			};
			name = Release;
		};
/* End XCBuildConfiguration section */

/* Begin XCConfigurationList section */
		111D9EC91C85C2B100CF71B4 /* Build configuration list for PBXProject "ELNPushServices" */ = {
			isa = XCConfigurationList;
			buildConfigurations = (
				111D9EE11C85C2B100CF71B4 /* Debug */,
				111D9EE21C85C2B100CF71B4 /* Release */,
			);
			defaultConfigurationIsVisible = 0;
			defaultConfigurationName = Release;
		};
		111D9EE31C85C2B100CF71B4 /* Build configuration list for PBXNativeTarget "ELNPushServices" */ = {
			isa = XCConfigurationList;
			buildConfigurations = (
				111D9EE41C85C2B100CF71B4 /* Debug */,
				111D9EE51C85C2B100CF71B4 /* Release */,
			);
			defaultConfigurationIsVisible = 0;
			defaultConfigurationName = Release;
		};
		111D9EE61C85C2B100CF71B4 /* Build configuration list for PBXNativeTarget "UnitTests" */ = {
			isa = XCConfigurationList;
			buildConfigurations = (
				111D9EE71C85C2B100CF71B4 /* Debug */,
				111D9EE81C85C2B100CF71B4 /* Release */,
			);
			defaultConfigurationIsVisible = 0;
			defaultConfigurationName = Release;
		};
/* End XCConfigurationList section */
	};
	rootObject = 111D9EC61C85C2B100CF71B4 /* Project object */;
}
